// !$*UTF8*$!
{
	archiveVersion = 1;
	classes = {
	};
	objectVersion = 46;
	objects = {

/* Begin PBXBuildFile section */
		1D3623260D0F684500981E51 /* ThePactAppDelegate.m in Sources */ = {isa = PBXBuildFile; fileRef = 1D3623250D0F684500981E51 /* ThePactAppDelegate.m */; };
		1D60589B0D05DD56006BFB54 /* main.m in Sources */ = {isa = PBXBuildFile; fileRef = 29B97316FDCFA39411CA2CEA /* main.m */; };
		1D60589F0D05DD5A006BFB54 /* Foundation.framework in Frameworks */ = {isa = PBXBuildFile; fileRef = 1D30AB110D05D00D00671497 /* Foundation.framework */; };
		1DF5F4E00D08C38300B7A737 /* UIKit.framework in Frameworks */ = {isa = PBXBuildFile; fileRef = 1DF5F4DF0D08C38300B7A737 /* UIKit.framework */; };
		288765A50DF7441C002DB57D /* CoreGraphics.framework in Frameworks */ = {isa = PBXBuildFile; fileRef = 288765A40DF7441C002DB57D /* CoreGraphics.framework */; };
		2899E5220DE3E06400AC0155 /* ThePactViewController.xib in Resources */ = {isa = PBXBuildFile; fileRef = 2899E5210DE3E06400AC0155 /* ThePactViewController.xib */; };
		28AD733F0D9D9553002E5188 /* MainWindow.xib in Resources */ = {isa = PBXBuildFile; fileRef = 28AD733E0D9D9553002E5188 /* MainWindow.xib */; };
		28D7ACF80DDB3853001CB0EB /* ThePactViewController.m in Sources */ = {isa = PBXBuildFile; fileRef = 28D7ACF70DDB3853001CB0EB /* ThePactViewController.m */; };
		820536771AD4602800B266CC /* Images.xcassets in Resources */ = {isa = PBXBuildFile; fileRef = 820536761AD4602800B266CC /* Images.xcassets */; };
		8205367C1AD461D700B266CC /* bg-Main-Menu.png in Resources */ = {isa = PBXBuildFile; fileRef = 8205367A1AD461D700B266CC /* bg-Main-Menu.png */; };
		8205367D1AD461D700B266CC /* bg-Main-Menu@2x.png in Resources */ = {isa = PBXBuildFile; fileRef = 8205367B1AD461D700B266CC /* bg-Main-Menu@2x.png */; };
		820536871AD4625000B266CC /* bttn-construction.png in Resources */ = {isa = PBXBuildFile; fileRef = 8205367F1AD4625000B266CC /* bttn-construction.png */; };
		820536881AD4625000B266CC /* bttn-construction@2x.png in Resources */ = {isa = PBXBuildFile; fileRef = 820536801AD4625000B266CC /* bttn-construction@2x.png */; };
		820536891AD4625000B266CC /* bttn-engineering.png in Resources */ = {isa = PBXBuildFile; fileRef = 820536811AD4625000B266CC /* bttn-engineering.png */; };
		8205368A1AD4625000B266CC /* bttn-engineering@2x.png in Resources */ = {isa = PBXBuildFile; fileRef = 820536821AD4625000B266CC /* bttn-engineering@2x.png */; };
		8205368B1AD4625000B266CC /* bttn-transportation.png in Resources */ = {isa = PBXBuildFile; fileRef = 820536831AD4625000B266CC /* bttn-transportation.png */; };
		8205368C1AD4625000B266CC /* bttn-transportation@2x.png in Resources */ = {isa = PBXBuildFile; fileRef = 820536841AD4625000B266CC /* bttn-transportation@2x.png */; };
		8205368D1AD4625000B266CC /* icon-play.png in Resources */ = {isa = PBXBuildFile; fileRef = 820536851AD4625000B266CC /* icon-play.png */; };
		8205368E1AD4625000B266CC /* icon-play@2x.png in Resources */ = {isa = PBXBuildFile; fileRef = 820536861AD4625000B266CC /* icon-play@2x.png */; };
		820536911AD4673F00B266CC /* bg-playback-top.png in Resources */ = {isa = PBXBuildFile; fileRef = 8205368F1AD4673F00B266CC /* bg-playback-top.png */; };
		820536921AD4673F00B266CC /* bg-playback-top@2x.png in Resources */ = {isa = PBXBuildFile; fileRef = 820536901AD4673F00B266CC /* bg-playback-top@2x.png */; };
		820536951AD4675A00B266CC /* bg-playback-bottom.png in Resources */ = {isa = PBXBuildFile; fileRef = 820536931AD4675A00B266CC /* bg-playback-bottom.png */; };
		820536961AD4675A00B266CC /* bg-playback-bottom@2x.png in Resources */ = {isa = PBXBuildFile; fileRef = 820536941AD4675A00B266CC /* bg-playback-bottom@2x.png */; };
		82407EC81AE837BC00880BD6 /* 2015_02_27_Autodesk_BimCity_CharacterProfile_AnnaJones_HD.mov in Resources */ = {isa = PBXBuildFile; fileRef = 82BDB5D71ADC315C00589675 /* 2015_02_27_Autodesk_BimCity_CharacterProfile_AnnaJones_HD.mov */; };
		82407EC91AE837BC00880BD6 /* 2015_02_27_Autodesk_BimCity_CharacterProfile_CharlesSmith_HD.mov in Resources */ = {isa = PBXBuildFile; fileRef = 82BDB5D81ADC315C00589675 /* 2015_02_27_Autodesk_BimCity_CharacterProfile_CharlesSmith_HD.mov */; };
		82407ECA1AE837BC00880BD6 /* 2015_02_27_Autodesk_BimCity_CharacterProfile_GaryBlogg_HD.mov in Resources */ = {isa = PBXBuildFile; fileRef = 82BDB5D91ADC315C00589675 /* 2015_02_27_Autodesk_BimCity_CharacterProfile_GaryBlogg_HD.mov */; };
		82407ECB1AE837BC00880BD6 /* AutodeskBimCityConstructionAppleTV.mov in Resources */ = {isa = PBXBuildFile; fileRef = 8276C4B01AD5619A006C4047 /* AutodeskBimCityConstructionAppleTV.mov */; };
		82407ECC1AE837BC00880BD6 /* AutodeskBimCityEngineeringAppleTV.mov in Resources */ = {isa = PBXBuildFile; fileRef = 8276C4B11AD5619A006C4047 /* AutodeskBimCityEngineeringAppleTV.mov */; };
		82407ECD1AE837BC00880BD6 /* AutodeskBimCityTransportationAppleTV.mov in Resources */ = {isa = PBXBuildFile; fileRef = 8276C4B21AD5619A006C4047 /* AutodeskBimCityTransportationAppleTV.mov */; };
		82641BA01AE6BCA200205022 /* TradeGothicLTStd-Cn18.otf in Resources */ = {isa = PBXBuildFile; fileRef = 82641B9F1AE6BCA200205022 /* TradeGothicLTStd-Cn18.otf */; };
		82BDB5C91ADC146300589675 /* icon-user-profile-alert.png in Resources */ = {isa = PBXBuildFile; fileRef = 82BDB5C71ADC146300589675 /* icon-user-profile-alert.png */; };
		82BDB5CA1ADC146300589675 /* icon-user-profile-alert@2x.png in Resources */ = {isa = PBXBuildFile; fileRef = 82BDB5C81ADC146300589675 /* icon-user-profile-alert@2x.png */; };
		82BDB5D11ADC2EF600589675 /* profile-anna-jones.png in Resources */ = {isa = PBXBuildFile; fileRef = 82BDB5CB1ADC2EF600589675 /* profile-anna-jones.png */; };
		82BDB5D21ADC2EF600589675 /* profile-anna-jones@2x.png in Resources */ = {isa = PBXBuildFile; fileRef = 82BDB5CC1ADC2EF600589675 /* profile-anna-jones@2x.png */; };
		82BDB5D31ADC2EF600589675 /* profile-charles-smith.png in Resources */ = {isa = PBXBuildFile; fileRef = 82BDB5CD1ADC2EF600589675 /* profile-charles-smith.png */; };
		82BDB5D41ADC2EF600589675 /* profile-charles-smith@2x.png in Resources */ = {isa = PBXBuildFile; fileRef = 82BDB5CE1ADC2EF600589675 /* profile-charles-smith@2x.png */; };
		82BDB5D51ADC2EF600589675 /* profile-gary blogg.png in Resources */ = {isa = PBXBuildFile; fileRef = 82BDB5CF1ADC2EF600589675 /* profile-gary blogg.png */; };
		82BDB5D61ADC2EF600589675 /* profile-gary blogg@2x.png in Resources */ = {isa = PBXBuildFile; fileRef = 82BDB5D01ADC2EF600589675 /* profile-gary blogg@2x.png */; };
		82CC81991AD85C3F003B7CCB /* CoreMedia.framework in Frameworks */ = {isa = PBXBuildFile; fileRef = 82CC81981AD85C3F003B7CCB /* CoreMedia.framework */; };
		F253575212BA5884000F091F /* Reachability.m in Sources */ = {isa = PBXBuildFile; fileRef = F253575112BA5884000F091F /* Reachability.m */; };
		F25357B012BA5990000F091F /* MediaPlayer.framework in Frameworks */ = {isa = PBXBuildFile; fileRef = F25357AF12BA5990000F091F /* MediaPlayer.framework */; };
		F25357CE12BA5A5D000F091F /* SystemConfiguration.framework in Frameworks */ = {isa = PBXBuildFile; fileRef = F25357CD12BA5A5D000F091F /* SystemConfiguration.framework */; };
		F253595C12BA6C05000F091F /* AVFoundation.framework in Frameworks */ = {isa = PBXBuildFile; fileRef = F253595B12BA6C05000F091F /* AVFoundation.framework */; };
		F2535A5812BA8776000F091F /* QuartzCore.framework in Frameworks */ = {isa = PBXBuildFile; fileRef = F2535A5712BA8776000F091F /* QuartzCore.framework */; };
		F29D192B137C7DBF0008A4C5 /* Script.xib in Resources */ = {isa = PBXBuildFile; fileRef = F29D192A137C7DBF0008A4C5 /* Script.xib */; };
		F29D192E137C7DD30008A4C5 /* ScriptViewController.m in Sources */ = {isa = PBXBuildFile; fileRef = F29D192D137C7DD30008A4C5 /* ScriptViewController.m */; };
/* End PBXBuildFile section */

/* Begin PBXFileReference section */
		1D30AB110D05D00D00671497 /* Foundation.framework */ = {isa = PBXFileReference; lastKnownFileType = wrapper.framework; name = Foundation.framework; path = System/Library/Frameworks/Foundation.framework; sourceTree = SDKROOT; };
		1D3623240D0F684500981E51 /* ThePactAppDelegate.h */ = {isa = PBXFileReference; fileEncoding = 4; lastKnownFileType = sourcecode.c.h; path = ThePactAppDelegate.h; sourceTree = "<group>"; };
		1D3623250D0F684500981E51 /* ThePactAppDelegate.m */ = {isa = PBXFileReference; fileEncoding = 4; lastKnownFileType = sourcecode.c.objc; path = ThePactAppDelegate.m; sourceTree = "<group>"; };
		1D6058910D05DD3D006BFB54 /* emc.app */ = {isa = PBXFileReference; explicitFileType = wrapper.application; includeInIndex = 0; path = emc.app; sourceTree = BUILT_PRODUCTS_DIR; };
		1DF5F4DF0D08C38300B7A737 /* UIKit.framework */ = {isa = PBXFileReference; lastKnownFileType = wrapper.framework; name = UIKit.framework; path = System/Library/Frameworks/UIKit.framework; sourceTree = SDKROOT; };
		288765A40DF7441C002DB57D /* CoreGraphics.framework */ = {isa = PBXFileReference; lastKnownFileType = wrapper.framework; name = CoreGraphics.framework; path = System/Library/Frameworks/CoreGraphics.framework; sourceTree = SDKROOT; };
		2899E5210DE3E06400AC0155 /* ThePactViewController.xib */ = {isa = PBXFileReference; lastKnownFileType = file.xib; name = ThePactViewController.xib; path = ../ThePactViewController.xib; sourceTree = "<group>"; };
		28AD733E0D9D9553002E5188 /* MainWindow.xib */ = {isa = PBXFileReference; lastKnownFileType = file.xib; path = MainWindow.xib; sourceTree = "<group>"; };
		28D7ACF60DDB3853001CB0EB /* ThePactViewController.h */ = {isa = PBXFileReference; fileEncoding = 4; lastKnownFileType = sourcecode.c.h; path = ThePactViewController.h; sourceTree = "<group>"; };
		28D7ACF70DDB3853001CB0EB /* ThePactViewController.m */ = {isa = PBXFileReference; fileEncoding = 4; lastKnownFileType = sourcecode.c.objc; path = ThePactViewController.m; sourceTree = "<group>"; };
		29B97316FDCFA39411CA2CEA /* main.m */ = {isa = PBXFileReference; fileEncoding = 4; lastKnownFileType = sourcecode.c.objc; path = main.m; sourceTree = "<group>"; };
		32CA4F630368D1EE00C91783 /* emc_Prefix.pch */ = {isa = PBXFileReference; fileEncoding = 4; lastKnownFileType = sourcecode.c.h; path = emc_Prefix.pch; sourceTree = "<group>"; };
		820536761AD4602800B266CC /* Images.xcassets */ = {isa = PBXFileReference; lastKnownFileType = folder.assetcatalog; name = Images.xcassets; path = emc/Images.xcassets; sourceTree = "<group>"; };
		8205367A1AD461D700B266CC /* bg-Main-Menu.png */ = {isa = PBXFileReference; lastKnownFileType = image.png; path = "bg-Main-Menu.png"; sourceTree = "<group>"; };
		8205367B1AD461D700B266CC /* bg-Main-Menu@2x.png */ = {isa = PBXFileReference; lastKnownFileType = image.png; path = "bg-Main-Menu@2x.png"; sourceTree = "<group>"; };
		8205367F1AD4625000B266CC /* bttn-construction.png */ = {isa = PBXFileReference; lastKnownFileType = image.png; path = "bttn-construction.png"; sourceTree = "<group>"; };
		820536801AD4625000B266CC /* bttn-construction@2x.png */ = {isa = PBXFileReference; lastKnownFileType = image.png; path = "bttn-construction@2x.png"; sourceTree = "<group>"; };
		820536811AD4625000B266CC /* bttn-engineering.png */ = {isa = PBXFileReference; lastKnownFileType = image.png; path = "bttn-engineering.png"; sourceTree = "<group>"; };
		820536821AD4625000B266CC /* bttn-engineering@2x.png */ = {isa = PBXFileReference; lastKnownFileType = image.png; path = "bttn-engineering@2x.png"; sourceTree = "<group>"; };
		820536831AD4625000B266CC /* bttn-transportation.png */ = {isa = PBXFileReference; lastKnownFileType = image.png; path = "bttn-transportation.png"; sourceTree = "<group>"; };
		820536841AD4625000B266CC /* bttn-transportation@2x.png */ = {isa = PBXFileReference; lastKnownFileType = image.png; path = "bttn-transportation@2x.png"; sourceTree = "<group>"; };
		820536851AD4625000B266CC /* icon-play.png */ = {isa = PBXFileReference; lastKnownFileType = image.png; path = "icon-play.png"; sourceTree = "<group>"; };
		820536861AD4625000B266CC /* icon-play@2x.png */ = {isa = PBXFileReference; lastKnownFileType = image.png; path = "icon-play@2x.png"; sourceTree = "<group>"; };
		8205368F1AD4673F00B266CC /* bg-playback-top.png */ = {isa = PBXFileReference; lastKnownFileType = image.png; path = "bg-playback-top.png"; sourceTree = "<group>"; };
		820536901AD4673F00B266CC /* bg-playback-top@2x.png */ = {isa = PBXFileReference; lastKnownFileType = image.png; path = "bg-playback-top@2x.png"; sourceTree = "<group>"; };
		820536931AD4675A00B266CC /* bg-playback-bottom.png */ = {isa = PBXFileReference; lastKnownFileType = image.png; path = "bg-playback-bottom.png"; sourceTree = "<group>"; };
		820536941AD4675A00B266CC /* bg-playback-bottom@2x.png */ = {isa = PBXFileReference; lastKnownFileType = image.png; path = "bg-playback-bottom@2x.png"; sourceTree = "<group>"; };
		82641B9F1AE6BCA200205022 /* TradeGothicLTStd-Cn18.otf */ = {isa = PBXFileReference; lastKnownFileType = file; path = "TradeGothicLTStd-Cn18.otf"; sourceTree = "<group>"; };
		8276C4B01AD5619A006C4047 /* AutodeskBimCityConstructionAppleTV.mov */ = {isa = PBXFileReference; lastKnownFileType = video.quicktime; path = AutodeskBimCityConstructionAppleTV.mov; sourceTree = "<group>"; };
		8276C4B11AD5619A006C4047 /* AutodeskBimCityEngineeringAppleTV.mov */ = {isa = PBXFileReference; lastKnownFileType = video.quicktime; path = AutodeskBimCityEngineeringAppleTV.mov; sourceTree = "<group>"; };
		8276C4B21AD5619A006C4047 /* AutodeskBimCityTransportationAppleTV.mov */ = {isa = PBXFileReference; lastKnownFileType = video.quicktime; path = AutodeskBimCityTransportationAppleTV.mov; sourceTree = "<group>"; };
		82BDB5C71ADC146300589675 /* icon-user-profile-alert.png */ = {isa = PBXFileReference; lastKnownFileType = image.png; path = "icon-user-profile-alert.png"; sourceTree = "<group>"; };
		82BDB5C81ADC146300589675 /* icon-user-profile-alert@2x.png */ = {isa = PBXFileReference; lastKnownFileType = image.png; path = "icon-user-profile-alert@2x.png"; sourceTree = "<group>"; };
		82BDB5CB1ADC2EF600589675 /* profile-anna-jones.png */ = {isa = PBXFileReference; lastKnownFileType = image.png; path = "profile-anna-jones.png"; sourceTree = "<group>"; };
		82BDB5CC1ADC2EF600589675 /* profile-anna-jones@2x.png */ = {isa = PBXFileReference; lastKnownFileType = image.png; path = "profile-anna-jones@2x.png"; sourceTree = "<group>"; };
		82BDB5CD1ADC2EF600589675 /* profile-charles-smith.png */ = {isa = PBXFileReference; lastKnownFileType = image.png; path = "profile-charles-smith.png"; sourceTree = "<group>"; };
		82BDB5CE1ADC2EF600589675 /* profile-charles-smith@2x.png */ = {isa = PBXFileReference; lastKnownFileType = image.png; path = "profile-charles-smith@2x.png"; sourceTree = "<group>"; };
		82BDB5CF1ADC2EF600589675 /* profile-gary blogg.png */ = {isa = PBXFileReference; lastKnownFileType = image.png; path = "profile-gary blogg.png"; sourceTree = "<group>"; };
		82BDB5D01ADC2EF600589675 /* profile-gary blogg@2x.png */ = {isa = PBXFileReference; lastKnownFileType = image.png; path = "profile-gary blogg@2x.png"; sourceTree = "<group>"; };
		82BDB5D71ADC315C00589675 /* 2015_02_27_Autodesk_BimCity_CharacterProfile_AnnaJones_HD.mov */ = {isa = PBXFileReference; lastKnownFileType = video.quicktime; path = 2015_02_27_Autodesk_BimCity_CharacterProfile_AnnaJones_HD.mov; sourceTree = "<group>"; };
		82BDB5D81ADC315C00589675 /* 2015_02_27_Autodesk_BimCity_CharacterProfile_CharlesSmith_HD.mov */ = {isa = PBXFileReference; lastKnownFileType = video.quicktime; path = 2015_02_27_Autodesk_BimCity_CharacterProfile_CharlesSmith_HD.mov; sourceTree = "<group>"; };
		82BDB5D91ADC315C00589675 /* 2015_02_27_Autodesk_BimCity_CharacterProfile_GaryBlogg_HD.mov */ = {isa = PBXFileReference; lastKnownFileType = video.quicktime; path = 2015_02_27_Autodesk_BimCity_CharacterProfile_GaryBlogg_HD.mov; sourceTree = "<group>"; };
		82CC81981AD85C3F003B7CCB /* CoreMedia.framework */ = {isa = PBXFileReference; lastKnownFileType = wrapper.framework; name = CoreMedia.framework; path = System/Library/Frameworks/CoreMedia.framework; sourceTree = SDKROOT; };
		8D1107310486CEB800E47090 /* emc-Info.plist */ = {isa = PBXFileReference; fileEncoding = 4; lastKnownFileType = text.plist.xml; path = "emc-Info.plist"; plistStructureDefinitionIdentifier = "com.apple.xcode.plist.structure-definition.iphone.info-plist"; sourceTree = "<group>"; };
		F253575012BA5884000F091F /* Reachability.h */ = {isa = PBXFileReference; fileEncoding = 4; lastKnownFileType = sourcecode.c.h; path = Reachability.h; sourceTree = "<group>"; };
		F253575112BA5884000F091F /* Reachability.m */ = {isa = PBXFileReference; fileEncoding = 4; lastKnownFileType = sourcecode.c.objc; path = Reachability.m; sourceTree = "<group>"; };
		F25357AF12BA5990000F091F /* MediaPlayer.framework */ = {isa = PBXFileReference; lastKnownFileType = wrapper.framework; name = MediaPlayer.framework; path = System/Library/Frameworks/MediaPlayer.framework; sourceTree = SDKROOT; };
		F25357CD12BA5A5D000F091F /* SystemConfiguration.framework */ = {isa = PBXFileReference; lastKnownFileType = wrapper.framework; name = SystemConfiguration.framework; path = System/Library/Frameworks/SystemConfiguration.framework; sourceTree = SDKROOT; };
		F253595B12BA6C05000F091F /* AVFoundation.framework */ = {isa = PBXFileReference; lastKnownFileType = wrapper.framework; name = AVFoundation.framework; path = System/Library/Frameworks/AVFoundation.framework; sourceTree = SDKROOT; };
		F2535A5712BA8776000F091F /* QuartzCore.framework */ = {isa = PBXFileReference; lastKnownFileType = wrapper.framework; name = QuartzCore.framework; path = System/Library/Frameworks/QuartzCore.framework; sourceTree = SDKROOT; };
		F29D192A137C7DBF0008A4C5 /* Script.xib */ = {isa = PBXFileReference; fileEncoding = 4; lastKnownFileType = file.xib; path = Script.xib; sourceTree = "<group>"; };
		F29D192C137C7DD30008A4C5 /* ScriptViewController.h */ = {isa = PBXFileReference; fileEncoding = 4; lastKnownFileType = sourcecode.c.h; path = ScriptViewController.h; sourceTree = "<group>"; };
		F29D192D137C7DD30008A4C5 /* ScriptViewController.m */ = {isa = PBXFileReference; fileEncoding = 4; lastKnownFileType = sourcecode.c.objc; path = ScriptViewController.m; sourceTree = "<group>"; };
/* End PBXFileReference section */

/* Begin PBXFrameworksBuildPhase section */
		1D60588F0D05DD3D006BFB54 /* Frameworks */ = {
			isa = PBXFrameworksBuildPhase;
			buildActionMask = 2147483647;
			files = (
				82CC81991AD85C3F003B7CCB /* CoreMedia.framework in Frameworks */,
				1D60589F0D05DD5A006BFB54 /* Foundation.framework in Frameworks */,
				1DF5F4E00D08C38300B7A737 /* UIKit.framework in Frameworks */,
				288765A50DF7441C002DB57D /* CoreGraphics.framework in Frameworks */,
				F25357B012BA5990000F091F /* MediaPlayer.framework in Frameworks */,
				F25357CE12BA5A5D000F091F /* SystemConfiguration.framework in Frameworks */,
				F253595C12BA6C05000F091F /* AVFoundation.framework in Frameworks */,
				F2535A5812BA8776000F091F /* QuartzCore.framework in Frameworks */,
			);
			runOnlyForDeploymentPostprocessing = 0;
		};
/* End PBXFrameworksBuildPhase section */

/* Begin PBXGroup section */
		080E96DDFE201D6D7F000001 /* Classes */ = {
			isa = PBXGroup;
			children = (
				F253574F12BA5884000F091F /* _internetCheck */,
				1D3623240D0F684500981E51 /* ThePactAppDelegate.h */,
				1D3623250D0F684500981E51 /* ThePactAppDelegate.m */,
				F29D192C137C7DD30008A4C5 /* ScriptViewController.h */,
				F29D192D137C7DD30008A4C5 /* ScriptViewController.m */,
				28D7ACF60DDB3853001CB0EB /* ThePactViewController.h */,
				28D7ACF70DDB3853001CB0EB /* ThePactViewController.m */,
				2899E5210DE3E06400AC0155 /* ThePactViewController.xib */,
			);
			path = Classes;
			sourceTree = "<group>";
		};
		19C28FACFE9D520D11CA2CBB /* Products */ = {
			isa = PBXGroup;
			children = (
				1D6058910D05DD3D006BFB54 /* emc.app */,
			);
			name = Products;
			sourceTree = "<group>";
		};
		29B97314FDCFA39411CA2CEA /* CustomTemplate */ = {
			isa = PBXGroup;
			children = (
				8D1107310486CEB800E47090 /* emc-Info.plist */,
				820536781AD461D700B266CC /* src */,
				080E96DDFE201D6D7F000001 /* Classes */,
				29B97315FDCFA39411CA2CEA /* Other Sources */,
				29B97317FDCFA39411CA2CEA /* Resources */,
				29B97323FDCFA39411CA2CEA /* Frameworks */,
				19C28FACFE9D520D11CA2CBB /* Products */,
			);
			name = CustomTemplate;
			sourceTree = "<group>";
		};
		29B97315FDCFA39411CA2CEA /* Other Sources */ = {
			isa = PBXGroup;
			children = (
				32CA4F630368D1EE00C91783 /* emc_Prefix.pch */,
				29B97316FDCFA39411CA2CEA /* main.m */,
			);
			name = "Other Sources";
			sourceTree = "<group>";
		};
		29B97317FDCFA39411CA2CEA /* Resources */ = {
			isa = PBXGroup;
			children = (
				820536761AD4602800B266CC /* Images.xcassets */,
				F288374213707CBF00D18C9A /* EquityAssets */,
				F253580212BA5C09000F091F /* _movies */,
				F29D192A137C7DBF0008A4C5 /* Script.xib */,
				28AD733E0D9D9553002E5188 /* MainWindow.xib */,
			);
			name = Resources;
			sourceTree = "<group>";
		};
		29B97323FDCFA39411CA2CEA /* Frameworks */ = {
			isa = PBXGroup;
			children = (
				82CC81981AD85C3F003B7CCB /* CoreMedia.framework */,
				F2535A5712BA8776000F091F /* QuartzCore.framework */,
				F253595B12BA6C05000F091F /* AVFoundation.framework */,
				F25357CD12BA5A5D000F091F /* SystemConfiguration.framework */,
				F25357AF12BA5990000F091F /* MediaPlayer.framework */,
				1DF5F4DF0D08C38300B7A737 /* UIKit.framework */,
				1D30AB110D05D00D00671497 /* Foundation.framework */,
				288765A40DF7441C002DB57D /* CoreGraphics.framework */,
			);
			name = Frameworks;
			sourceTree = "<group>";
		};
		820536781AD461D700B266CC /* src */ = {
			isa = PBXGroup;
			children = (
				82641B9E1AE6BCA200205022 /* fonts */,
				8276C4AF1AD5619A006C4047 /* films */,
				8205367E1AD4625000B266CC /* UI */,
				820536791AD461D700B266CC /* grfx */,
			);
			path = src;
			sourceTree = "<group>";
		};
		820536791AD461D700B266CC /* grfx */ = {
			isa = PBXGroup;
			children = (
				820536931AD4675A00B266CC /* bg-playback-bottom.png */,
				820536941AD4675A00B266CC /* bg-playback-bottom@2x.png */,
				8205368F1AD4673F00B266CC /* bg-playback-top.png */,
				820536901AD4673F00B266CC /* bg-playback-top@2x.png */,
				8205367A1AD461D700B266CC /* bg-Main-Menu.png */,
				8205367B1AD461D700B266CC /* bg-Main-Menu@2x.png */,
			);
			path = grfx;
			sourceTree = "<group>";
		};
		8205367E1AD4625000B266CC /* UI */ = {
			isa = PBXGroup;
			children = (
				8205367F1AD4625000B266CC /* bttn-construction.png */,
				820536801AD4625000B266CC /* bttn-construction@2x.png */,
				820536811AD4625000B266CC /* bttn-engineering.png */,
				820536821AD4625000B266CC /* bttn-engineering@2x.png */,
				820536831AD4625000B266CC /* bttn-transportation.png */,
				820536841AD4625000B266CC /* bttn-transportation@2x.png */,
				820536851AD4625000B266CC /* icon-play.png */,
				820536861AD4625000B266CC /* icon-play@2x.png */,
				82BDB5C71ADC146300589675 /* icon-user-profile-alert.png */,
				82BDB5C81ADC146300589675 /* icon-user-profile-alert@2x.png */,
				82BDB5CB1ADC2EF600589675 /* profile-anna-jones.png */,
				82BDB5CC1ADC2EF600589675 /* profile-anna-jones@2x.png */,
				82BDB5CD1ADC2EF600589675 /* profile-charles-smith.png */,
				82BDB5CE1ADC2EF600589675 /* profile-charles-smith@2x.png */,
				82BDB5CF1ADC2EF600589675 /* profile-gary blogg.png */,
				82BDB5D01ADC2EF600589675 /* profile-gary blogg@2x.png */,
			);
			path = UI;
			sourceTree = "<group>";
		};
		82641B9E1AE6BCA200205022 /* fonts */ = {
			isa = PBXGroup;
			children = (
				82641B9F1AE6BCA200205022 /* TradeGothicLTStd-Cn18.otf */,
			);
			path = fonts;
			sourceTree = "<group>";
		};
		8276C4AF1AD5619A006C4047 /* films */ = {
			isa = PBXGroup;
			children = (
				82BDB5D71ADC315C00589675 /* 2015_02_27_Autodesk_BimCity_CharacterProfile_AnnaJones_HD.mov */,
				82BDB5D81ADC315C00589675 /* 2015_02_27_Autodesk_BimCity_CharacterProfile_CharlesSmith_HD.mov */,
				82BDB5D91ADC315C00589675 /* 2015_02_27_Autodesk_BimCity_CharacterProfile_GaryBlogg_HD.mov */,
				8276C4B01AD5619A006C4047 /* AutodeskBimCityConstructionAppleTV.mov */,
				8276C4B11AD5619A006C4047 /* AutodeskBimCityEngineeringAppleTV.mov */,
				8276C4B21AD5619A006C4047 /* AutodeskBimCityTransportationAppleTV.mov */,
			);
			path = films;
			sourceTree = "<group>";
		};
		F253574F12BA5884000F091F /* _internetCheck */ = {
			isa = PBXGroup;
			children = (
				F253575012BA5884000F091F /* Reachability.h */,
				F253575112BA5884000F091F /* Reachability.m */,
			);
			name = _internetCheck;
			sourceTree = "<group>";
		};
		F253580212BA5C09000F091F /* _movies */ = {
			isa = PBXGroup;
			children = (
			);
			name = _movies;
			sourceTree = "<group>";
		};
		F288374213707CBF00D18C9A /* EquityAssets */ = {
			isa = PBXGroup;
			children = (
			);
			name = EquityAssets;
			sourceTree = "<group>";
		};
/* End PBXGroup section */

/* Begin PBXNativeTarget section */
		1D6058900D05DD3D006BFB54 /* emc */ = {
			isa = PBXNativeTarget;
			buildConfigurationList = 1D6058960D05DD3E006BFB54 /* Build configuration list for PBXNativeTarget "emc" */;
			buildPhases = (
				1D60588D0D05DD3D006BFB54 /* Resources */,
				1D60588E0D05DD3D006BFB54 /* Sources */,
				1D60588F0D05DD3D006BFB54 /* Frameworks */,
			);
			buildRules = (
			);
			dependencies = (
			);
			name = emc;
			productName = ThePact;
			productReference = 1D6058910D05DD3D006BFB54 /* emc.app */;
			productType = "com.apple.product-type.application";
		};
/* End PBXNativeTarget section */

/* Begin PBXProject section */
		29B97313FDCFA39411CA2CEA /* Project object */ = {
			isa = PBXProject;
			attributes = {
				LastUpgradeCheck = 0420;
				TargetAttributes = {
					1D6058900D05DD3D006BFB54 = {
						DevelopmentTeam = 97VHU5A6BJ;
					};
				};
			};
			buildConfigurationList = C01FCF4E08A954540054247B /* Build configuration list for PBXProject "emc" */;
			compatibilityVersion = "Xcode 3.2";
			developmentRegion = English;
			hasScannedForEncodings = 1;
			knownRegions = (
				English,
				Japanese,
				French,
				German,
			);
			mainGroup = 29B97314FDCFA39411CA2CEA /* CustomTemplate */;
			projectDirPath = "";
			projectRoot = "";
			targets = (
				1D6058900D05DD3D006BFB54 /* emc */,
			);
		};
/* End PBXProject section */

/* Begin PBXResourcesBuildPhase section */
		1D60588D0D05DD3D006BFB54 /* Resources */ = {
			isa = PBXResourcesBuildPhase;
			buildActionMask = 2147483647;
			files = (
				82641BA01AE6BCA200205022 /* TradeGothicLTStd-Cn18.otf in Resources */,
				82407ECB1AE837BC00880BD6 /* AutodeskBimCityConstructionAppleTV.mov in Resources */,
				8205368A1AD4625000B266CC /* bttn-engineering@2x.png in Resources */,
				28AD733F0D9D9553002E5188 /* MainWindow.xib in Resources */,
				2899E5220DE3E06400AC0155 /* ThePactViewController.xib in Resources */,
				820536881AD4625000B266CC /* bttn-construction@2x.png in Resources */,
				F29D192B137C7DBF0008A4C5 /* Script.xib in Resources */,
				82BDB5D31ADC2EF600589675 /* profile-charles-smith.png in Resources */,
				82BDB5C91ADC146300589675 /* icon-user-profile-alert.png in Resources */,
				820536921AD4673F00B266CC /* bg-playback-top@2x.png in Resources */,
				820536771AD4602800B266CC /* Images.xcassets in Resources */,
				82407ECD1AE837BC00880BD6 /* AutodeskBimCityTransportationAppleTV.mov in Resources */,
				8205368C1AD4625000B266CC /* bttn-transportation@2x.png in Resources */,
				820536951AD4675A00B266CC /* bg-playback-bottom.png in Resources */,
				82407EC91AE837BC00880BD6 /* 2015_02_27_Autodesk_BimCity_CharacterProfile_CharlesSmith_HD.mov in Resources */,
				82BDB5D41ADC2EF600589675 /* profile-charles-smith@2x.png in Resources */,
				82BDB5CA1ADC146300589675 /* icon-user-profile-alert@2x.png in Resources */,
				82BDB5D61ADC2EF600589675 /* profile-gary blogg@2x.png in Resources */,
				82BDB5D11ADC2EF600589675 /* profile-anna-jones.png in Resources */,
				820536911AD4673F00B266CC /* bg-playback-top.png in Resources */,
				82BDB5D21ADC2EF600589675 /* profile-anna-jones@2x.png in Resources */,
				8205367C1AD461D700B266CC /* bg-Main-Menu.png in Resources */,
				820536961AD4675A00B266CC /* bg-playback-bottom@2x.png in Resources */,
				820536891AD4625000B266CC /* bttn-engineering.png in Resources */,
				82407EC81AE837BC00880BD6 /* 2015_02_27_Autodesk_BimCity_CharacterProfile_AnnaJones_HD.mov in Resources */,
				8205368E1AD4625000B266CC /* icon-play@2x.png in Resources */,
				82407ECA1AE837BC00880BD6 /* 2015_02_27_Autodesk_BimCity_CharacterProfile_GaryBlogg_HD.mov in Resources */,
				82BDB5D51ADC2EF600589675 /* profile-gary blogg.png in Resources */,
				8205367D1AD461D700B266CC /* bg-Main-Menu@2x.png in Resources */,
				8205368B1AD4625000B266CC /* bttn-transportation.png in Resources */,
				82407ECC1AE837BC00880BD6 /* AutodeskBimCityEngineeringAppleTV.mov in Resources */,
				820536871AD4625000B266CC /* bttn-construction.png in Resources */,
				8205368D1AD4625000B266CC /* icon-play.png in Resources */,
			);
			runOnlyForDeploymentPostprocessing = 0;
		};
/* End PBXResourcesBuildPhase section */

/* Begin PBXSourcesBuildPhase section */
		1D60588E0D05DD3D006BFB54 /* Sources */ = {
			isa = PBXSourcesBuildPhase;
			buildActionMask = 2147483647;
			files = (
				1D60589B0D05DD56006BFB54 /* main.m in Sources */,
				1D3623260D0F684500981E51 /* ThePactAppDelegate.m in Sources */,
				28D7ACF80DDB3853001CB0EB /* ThePactViewController.m in Sources */,
				F253575212BA5884000F091F /* Reachability.m in Sources */,
				F29D192E137C7DD30008A4C5 /* ScriptViewController.m in Sources */,
			);
			runOnlyForDeploymentPostprocessing = 0;
		};
/* End PBXSourcesBuildPhase section */

/* Begin XCBuildConfiguration section */
		1D6058940D05DD3E006BFB54 /* Debug */ = {
			isa = XCBuildConfiguration;
			buildSettings = {
				ALWAYS_SEARCH_USER_PATHS = NO;
				ASSETCATALOG_COMPILER_APPICON_NAME = AppIcon;
				ASSETCATALOG_COMPILER_LAUNCHIMAGE_NAME = LaunchImage;
				CODE_SIGN_IDENTITY = "iPhone Distribution: Neoscape, Incorporated";
				"CODE_SIGN_IDENTITY[sdk=iphoneos*]" = "iPhone Distribution: Neoscape, Incorporated";
				COPY_PHASE_STRIP = NO;
				FRAMEWORK_SEARCH_PATHS = (
					"$(inherited)",
					"\"$(SRCROOT)\"",
				);
				GCC_DYNAMIC_NO_PIC = NO;
				GCC_OPTIMIZATION_LEVEL = 0;
				GCC_PRECOMPILE_PREFIX_HEADER = YES;
				GCC_PREFIX_HEADER = emc_Prefix.pch;
				INFOPLIST_FILE = "emc-Info.plist";
				IPHONEOS_DEPLOYMENT_TARGET = 8.0;
				PRODUCT_NAME = emc;
				PROVISIONING_PROFILE = "ac7e9baa-2c52-4e22-9cf0-21224a54a4e7";
				"PROVISIONING_PROFILE[sdk=iphoneos*]" = "ac7e9baa-2c52-4e22-9cf0-21224a54a4e7";
			};
			name = Debug;
		};
		1D6058950D05DD3E006BFB54 /* Release */ = {
			isa = XCBuildConfiguration;
			buildSettings = {
				ALWAYS_SEARCH_USER_PATHS = NO;
				ASSETCATALOG_COMPILER_APPICON_NAME = AppIcon;
				ASSETCATALOG_COMPILER_LAUNCHIMAGE_NAME = LaunchImage;
				CODE_SIGN_IDENTITY = "iPhone Distribution: Neoscape, Incorporated";
				"CODE_SIGN_IDENTITY[sdk=iphoneos*]" = "iPhone Distribution: Neoscape, Incorporated";
				COPY_PHASE_STRIP = YES;
				FRAMEWORK_SEARCH_PATHS = (
					"$(inherited)",
					"\"$(SRCROOT)\"",
				);
				GCC_PRECOMPILE_PREFIX_HEADER = YES;
				GCC_PREFIX_HEADER = emc_Prefix.pch;
				INFOPLIST_FILE = "emc-Info.plist";
				IPHONEOS_DEPLOYMENT_TARGET = 8.0;
				PRODUCT_NAME = emc;
				PROVISIONING_PROFILE = "ac7e9baa-2c52-4e22-9cf0-21224a54a4e7";
				VALIDATE_PRODUCT = NO;
			};
			name = Release;
		};
		C01FCF4F08A954540054247B /* Debug */ = {
			isa = XCBuildConfiguration;
			buildSettings = {
				ARCHS = "$(ARCHS_UNIVERSAL_IPHONE_OS)";
				CODE_SIGN_IDENTITY = "iPhone Distribution: Neoscape, Incorporated";
				"CODE_SIGN_IDENTITY[sdk=iphoneos*]" = "iPhone Distribution: Neoscape, Incorporated";
				GCC_C_LANGUAGE_STANDARD = c99;
				GCC_WARN_ABOUT_RETURN_TYPE = YES;
				GCC_WARN_UNUSED_VARIABLE = YES;
				IPHONEOS_DEPLOYMENT_TARGET = 4.3;
				PROVISIONING_PROFILE = "ac7e9baa-2c52-4e22-9cf0-21224a54a4e7";
				"PROVISIONING_PROFILE[sdk=iphoneos*]" = "ac7e9baa-2c52-4e22-9cf0-21224a54a4e7";
				SDKROOT = iphoneos;
				TARGETED_DEVICE_FAMILY = 2;
			};
			name = Debug;
		};
		C01FCF5008A954540054247B /* Release */ = {
			isa = XCBuildConfiguration;
			buildSettings = {
				ARCHS = "$(ARCHS_UNIVERSAL_IPHONE_OS)";
				CODE_SIGN_IDENTITY = "iPhone Distribution: Neoscape, Incorporated";
				"CODE_SIGN_IDENTITY[sdk=iphoneos*]" = "iPhone Distribution: Neoscape, Incorporated";
				GCC_C_LANGUAGE_STANDARD = c99;
				GCC_WARN_ABOUT_RETURN_TYPE = YES;
				GCC_WARN_UNUSED_VARIABLE = YES;
				IPHONEOS_DEPLOYMENT_TARGET = 4.3;
				OTHER_CFLAGS = "-DNS_BLOCK_ASSERTIONS=1";
				PROVISIONING_PROFILE = "ac7e9baa-2c52-4e22-9cf0-21224a54a4e7";
				"PROVISIONING_PROFILE[sdk=*]" = "ac7e9baa-2c52-4e22-9cf0-21224a54a4e7";
				SDKROOT = iphoneos;
				TARGETED_DEVICE_FAMILY = 2;
			};
			name = Release;
		};
		F2931D7A12E0C1DA000E71E8 /* AdHoc */ = {
			isa = XCBuildConfiguration;
			buildSettings = {
				ARCHS = "$(ARCHS_UNIVERSAL_IPHONE_OS)";
				CODE_SIGN_IDENTITY = "iPhone Distribution: Neoscape, Incorporated";
				"CODE_SIGN_IDENTITY[sdk=iphoneos*]" = "iPhone Distribution: Neoscape, Incorporated";
				GCC_C_LANGUAGE_STANDARD = c99;
				GCC_WARN_ABOUT_RETURN_TYPE = YES;
				GCC_WARN_UNUSED_VARIABLE = YES;
				IPHONEOS_DEPLOYMENT_TARGET = 4.3;
				PROVISIONING_PROFILE = "ac7e9baa-2c52-4e22-9cf0-21224a54a4e7";
				"PROVISIONING_PROFILE[sdk=iphoneos*]" = "ac7e9baa-2c52-4e22-9cf0-21224a54a4e7";
				SDKROOT = iphoneos;
				TARGETED_DEVICE_FAMILY = 2;
			};
			name = AdHoc;
		};
		F2931D7B12E0C1DA000E71E8 /* AdHoc */ = {
			isa = XCBuildConfiguration;
			buildSettings = {
				ALWAYS_SEARCH_USER_PATHS = NO;
				ASSETCATALOG_COMPILER_APPICON_NAME = AppIcon;
				ASSETCATALOG_COMPILER_LAUNCHIMAGE_NAME = LaunchImage;
				CODE_SIGN_IDENTITY = "iPhone Distribution: Neoscape, Incorporated";
				"CODE_SIGN_IDENTITY[sdk=iphoneos*]" = "iPhone Distribution: Neoscape, Incorporated";
				COPY_PHASE_STRIP = NO;
				FRAMEWORK_SEARCH_PATHS = (
					"$(inherited)",
					"\"$(SRCROOT)\"",
				);
				GCC_DYNAMIC_NO_PIC = NO;
				GCC_OPTIMIZATION_LEVEL = 0;
				GCC_PRECOMPILE_PREFIX_HEADER = YES;
				GCC_PREFIX_HEADER = emc_Prefix.pch;
				INFOPLIST_FILE = "emc-Info.plist";
				IPHONEOS_DEPLOYMENT_TARGET = 8.0;
				PRODUCT_NAME = emc;
				PROVISIONING_PROFILE = "ac7e9baa-2c52-4e22-9cf0-21224a54a4e7";
				"PROVISIONING_PROFILE[sdk=iphoneos*]" = "ac7e9baa-2c52-4e22-9cf0-21224a54a4e7";
			};
			name = AdHoc;
		};
/* End XCBuildConfiguration section */

/* Begin XCConfigurationList section */
		1D6058960D05DD3E006BFB54 /* Build configuration list for PBXNativeTarget "emc" */ = {
			isa = XCConfigurationList;
			buildConfigurations = (
				1D6058940D05DD3E006BFB54 /* Debug */,
				F2931D7B12E0C1DA000E71E8 /* AdHoc */,
				1D6058950D05DD3E006BFB54 /* Release */,
			);
			defaultConfigurationIsVisible = 0;
			defaultConfigurationName = Release;
		};
		C01FCF4E08A954540054247B /* Build configuration list for PBXProject "emc" */ = {
			isa = XCConfigurationList;
			buildConfigurations = (
				C01FCF4F08A954540054247B /* Debug */,
				F2931D7A12E0C1DA000E71E8 /* AdHoc */,
				C01FCF5008A954540054247B /* Release */,
			);
			defaultConfigurationIsVisible = 0;
			defaultConfigurationName = Release;
		};
/* End XCConfigurationList section */
	};
	rootObject = 29B97313FDCFA39411CA2CEA /* Project object */;
}
